
Microsoft Visual Studio Solution File, Format Version 12.00
# Visual Studio Version 16
VisualStudioVersion = 16.0.34601.136
MinimumVisualStudioVersion = 10.0.40219.1
Project("{FAE04EC0-301F-11D3-BF4B-00C04F79EFBC}") = "ShortCut_dictionary", "ShortCut_dictionary\ShortCut_dictionary.csproj", "{A1EA4440-65F4-4419-B740-2BDCF8588AA5}"
EndProject
Global
	GlobalSection(SolutionConfigurationPlatforms) = preSolution
		Debug|Any CPU = Debug|Any CPU
		Release|Any CPU = Release|Any CPU
	EndGlobalSection
	GlobalSection(ProjectConfigurationPlatforms) = postSolution
		{A1EA4440-65F4-4419-B740-2BDCF8588AA5}.Debug|Any CPU.ActiveCfg = Debug|Any CPU
		{A1EA4440-65F4-4419-B740-2BDCF8588AA5}.Debug|Any CPU.Build.0 = Debug|Any CPU
		{A1EA4440-65F4-4419-B740-2BDCF8588AA5}.Release|Any CPU.ActiveCfg = Release|Any CPU
		{A1EA4440-65F4-4419-B740-2BDCF8588AA5}.Release|Any CPU.Build.0 = Release|Any CPU
	EndGlobalSection
	GlobalSection(SolutionProperties) = preSolution
		HideSolutionNode = FALSE
	EndGlobalSection
	GlobalSection(ExtensibilityGlobals) = postSolution
		SolutionGuid = {D3708457-1601-4E23-B3EC-968A3AD9F9FB}
	EndGlobalSection
EndGlobal
